
Microsoft Visual Studio Solution File, Format Version 12.00
# Visual Studio Version 17
VisualStudioVersion = 17.8.34322.80
MinimumVisualStudioVersion = 10.0.40219.1
Project("{9A19103F-16F7-4668-BE54-9A1E7A4F7556}") = "Samples.Bedrock", "Samples.Bedrock\Samples.Bedrock.csproj", "{60D271B9-9BB0-46CF-9CB5-767B3A73F954}"
EndProject
Project("{9A19103F-16F7-4668-BE54-9A1E7A4F7556}") = "Samples.Polly", "Samples.Polly\Samples.Polly.csproj", "{22DE8B08-5102-4AEA-8461-5985455C14C9}"
EndProject
Project("{9A19103F-16F7-4668-BE54-9A1E7A4F7556}") = "Samples.Common", "Samples.Common\Samples.Common.csproj", "{5C511881-9C14-48D1-B03E-1E396E98B965}"
EndProject
Project("{2150E333-8FDC-42A3-9474-1A3956D46DE8}") = "Solution Items", "Solution Items", "{0B8C7752-C62F-4791-8863-A7C1D7361DE2}"
	ProjectSection(SolutionItems) = preProject
		.gitignore = .gitignore
	EndProjectSection
EndProject
Project("{9A19103F-16F7-4668-BE54-9A1E7A4F7556}") = "Samples.Bedrock.Rag", "Samples.Bedrock.Rag\Samples.Bedrock.Rag.csproj", "{6BA5527E-76BC-45B3-8015-5F8C7D2A6469}"
EndProject
Project("{9A19103F-16F7-4668-BE54-9A1E7A4F7556}") = "Samples.Bedrock.KB", "Samples.Bedrock.KB\Samples.Bedrock.KB.csproj", "{F809BA2D-DFA0-4B0A-B234-E7296D773224}"
EndProject
Project("{9A19103F-16F7-4668-BE54-9A1E7A4F7556}") = "Samples.FraudDetector", "Samples.FraudDetector\Samples.FraudDetector.csproj", "{71A9BE0F-8019-48A2-A0C1-47BC291220B5}"
EndProject
Project("{FAE04EC0-301F-11D3-BF4B-00C04F79EFBC}") = "Samples.Translate", "Samples.Translate\Samples.Translate.csproj", "{8078DAC5-DE1F-4DBB-92ED-D2C1DE4517AE}"
	ProjectSection(ProjectDependencies) = postProject
		{5C511881-9C14-48D1-B03E-1E396E98B965} = {5C511881-9C14-48D1-B03E-1E396E98B965}
	EndProjectSection
Project("{9A19103F-16F7-4668-BE54-9A1E7A4F7556}") = "Samples.Bedrock.Agent.LambdaFunction", "Samples.Bedrock.Agent.LambdaFunction\Samples.Bedrock.Agent.LambdaFunction.csproj", "{71A58F6B-CB3E-4AEF-B9F7-373B8A991D50}"
EndProject
Project("{FAE04EC0-301F-11D3-BF4B-00C04F79EFBC}") = "Samples.Bedrock.Agent", "Samples.Bedrock.Agent\Samples.Bedrock.Agent.csproj", "{21670C88-DD94-47F7-A0D6-8B5CFFDBAC24}"
EndProject
Global
	GlobalSection(SolutionConfigurationPlatforms) = preSolution
		Debug|Any CPU = Debug|Any CPU
		Release|Any CPU = Release|Any CPU
	EndGlobalSection
	GlobalSection(ProjectConfigurationPlatforms) = postSolution
		{60D271B9-9BB0-46CF-9CB5-767B3A73F954}.Debug|Any CPU.ActiveCfg = Debug|Any CPU
		{60D271B9-9BB0-46CF-9CB5-767B3A73F954}.Debug|Any CPU.Build.0 = Debug|Any CPU
		{60D271B9-9BB0-46CF-9CB5-767B3A73F954}.Release|Any CPU.ActiveCfg = Release|Any CPU
		{60D271B9-9BB0-46CF-9CB5-767B3A73F954}.Release|Any CPU.Build.0 = Release|Any CPU
		{22DE8B08-5102-4AEA-8461-5985455C14C9}.Debug|Any CPU.ActiveCfg = Debug|Any CPU
		{22DE8B08-5102-4AEA-8461-5985455C14C9}.Debug|Any CPU.Build.0 = Debug|Any CPU
		{22DE8B08-5102-4AEA-8461-5985455C14C9}.Release|Any CPU.ActiveCfg = Release|Any CPU
		{22DE8B08-5102-4AEA-8461-5985455C14C9}.Release|Any CPU.Build.0 = Release|Any CPU
		{5C511881-9C14-48D1-B03E-1E396E98B965}.Debug|Any CPU.ActiveCfg = Debug|Any CPU
		{5C511881-9C14-48D1-B03E-1E396E98B965}.Debug|Any CPU.Build.0 = Debug|Any CPU
		{5C511881-9C14-48D1-B03E-1E396E98B965}.Release|Any CPU.ActiveCfg = Release|Any CPU
		{5C511881-9C14-48D1-B03E-1E396E98B965}.Release|Any CPU.Build.0 = Release|Any CPU
		{6BA5527E-76BC-45B3-8015-5F8C7D2A6469}.Debug|Any CPU.ActiveCfg = Debug|Any CPU
		{6BA5527E-76BC-45B3-8015-5F8C7D2A6469}.Debug|Any CPU.Build.0 = Debug|Any CPU
		{6BA5527E-76BC-45B3-8015-5F8C7D2A6469}.Release|Any CPU.ActiveCfg = Release|Any CPU
		{6BA5527E-76BC-45B3-8015-5F8C7D2A6469}.Release|Any CPU.Build.0 = Release|Any CPU
		{F809BA2D-DFA0-4B0A-B234-E7296D773224}.Debug|Any CPU.ActiveCfg = Debug|Any CPU
		{F809BA2D-DFA0-4B0A-B234-E7296D773224}.Debug|Any CPU.Build.0 = Debug|Any CPU
		{F809BA2D-DFA0-4B0A-B234-E7296D773224}.Release|Any CPU.ActiveCfg = Release|Any CPU
		{F809BA2D-DFA0-4B0A-B234-E7296D773224}.Release|Any CPU.Build.0 = Release|Any CPU
		{71A9BE0F-8019-48A2-A0C1-47BC291220B5}.Debug|Any CPU.ActiveCfg = Debug|Any CPU
		{71A9BE0F-8019-48A2-A0C1-47BC291220B5}.Debug|Any CPU.Build.0 = Debug|Any CPU
		{71A9BE0F-8019-48A2-A0C1-47BC291220B5}.Release|Any CPU.ActiveCfg = Release|Any CPU
		{71A9BE0F-8019-48A2-A0C1-47BC291220B5}.Release|Any CPU.Build.0 = Release|Any CPU
		{71A58F6B-CB3E-4AEF-B9F7-373B8A991D50}.Debug|Any CPU.ActiveCfg = Debug|Any CPU
		{71A58F6B-CB3E-4AEF-B9F7-373B8A991D50}.Debug|Any CPU.Build.0 = Debug|Any CPU
		{71A58F6B-CB3E-4AEF-B9F7-373B8A991D50}.Release|Any CPU.ActiveCfg = Release|Any CPU
		{71A58F6B-CB3E-4AEF-B9F7-373B8A991D50}.Release|Any CPU.Build.0 = Release|Any CPU
		{21670C88-DD94-47F7-A0D6-8B5CFFDBAC24}.Debug|Any CPU.ActiveCfg = Debug|Any CPU
		{21670C88-DD94-47F7-A0D6-8B5CFFDBAC24}.Debug|Any CPU.Build.0 = Debug|Any CPU
		{21670C88-DD94-47F7-A0D6-8B5CFFDBAC24}.Release|Any CPU.ActiveCfg = Release|Any CPU
		{21670C88-DD94-47F7-A0D6-8B5CFFDBAC24}.Release|Any CPU.Build.0 = Release|Any CPU
	EndGlobalSection
	GlobalSection(SolutionProperties) = preSolution
		HideSolutionNode = FALSE
	EndGlobalSection
	GlobalSection(ExtensibilityGlobals) = postSolution
		SolutionGuid = {701AF2F3-B99E-42CE-B095-3A488E1E99F1}
	EndGlobalSection
EndGlobal
